Microsoft Visual Studio Solution File, Format Version 12.00
# Visual Studio Version 17
VisualStudioVersion = 17.10.35013.160
MinimumVisualStudioVersion = 10.0.40219.1
Project("{FAE04EC0-301F-11D3-BF4B-00C04F79EFBC}") = "LeetCodeAspire.AppHost", "LeetCodeAspire.AppHost\LeetCodeAspire.AppHost.csproj", "{10AC35D3-4E7B-47CD-B21C-7AFC3394DCD1}"
EndProject
Project("{9A19103F-16F7-4668-BE54-9A1E7A4F7556}") = "LeetCodeAspire.ServiceDefaults", "LeetCodeAspire.ServiceDefaults\LeetCodeAspire.ServiceDefaults.csproj", "{F4DE8AF7-8656-455B-AF7C-5F3BF3982702}"
EndProject
Project("{9A19103F-16F7-4668-BE54-9A1E7A4F7556}") = "LeetCodeAspire.ApiService", "LeetCodeAspire.ApiService\LeetCodeAspire.ApiService.csproj", "{04AA0B5E-5087-4DBA-A433-B20ABFDB00A1}"
EndProject
Project("{9A19103F-16F7-4668-BE54-9A1E7A4F7556}") = "LeetCodeAspire.Web", "LeetCodeAspire.Web\LeetCodeAspire.Web.csproj", "{C5583D3F-9D0B-4598-97C2-3F7F2E8DEAC4}"
EndProject
Global
	GlobalSection(SolutionConfigurationPlatforms) = preSolution
		Debug|Any CPU = Debug|Any CPU
		Release|Any CPU = Release|Any CPU
	EndGlobalSection
	GlobalSection(ProjectConfigurationPlatforms) = postSolution
		{10AC35D3-4E7B-47CD-B21C-7AFC3394DCD1}.Debug|Any CPU.ActiveCfg = Debug|Any CPU
		{10AC35D3-4E7B-47CD-B21C-7AFC3394DCD1}.Debug|Any CPU.Build.0 = Debug|Any CPU
		{10AC35D3-4E7B-47CD-B21C-7AFC3394DCD1}.Release|Any CPU.ActiveCfg = Release|Any CPU
		{10AC35D3-4E7B-47CD-B21C-7AFC3394DCD1}.Release|Any CPU.Build.0 = Release|Any CPU
		{F4DE8AF7-8656-455B-AF7C-5F3BF3982702}.Debug|Any CPU.ActiveCfg = Debug|Any CPU
		{F4DE8AF7-8656-455B-AF7C-5F3BF3982702}.Debug|Any CPU.Build.0 = Debug|Any CPU
		{F4DE8AF7-8656-455B-AF7C-5F3BF3982702}.Release|Any CPU.ActiveCfg = Release|Any CPU
		{F4DE8AF7-8656-455B-AF7C-5F3BF3982702}.Release|Any CPU.Build.0 = Release|Any CPU
		{04AA0B5E-5087-4DBA-A433-B20ABFDB00A1}.Debug|Any CPU.ActiveCfg = Debug|Any CPU
		{04AA0B5E-5087-4DBA-A433-B20ABFDB00A1}.Debug|Any CPU.Build.0 = Debug|Any CPU
		{04AA0B5E-5087-4DBA-A433-B20ABFDB00A1}.Release|Any CPU.ActiveCfg = Release|Any CPU
		{04AA0B5E-5087-4DBA-A433-B20ABFDB00A1}.Release|Any CPU.Build.0 = Release|Any CPU
		{C5583D3F-9D0B-4598-97C2-3F7F2E8DEAC4}.Debug|Any CPU.ActiveCfg = Debug|Any CPU
		{C5583D3F-9D0B-4598-97C2-3F7F2E8DEAC4}.Debug|Any CPU.Build.0 = Debug|Any CPU
		{C5583D3F-9D0B-4598-97C2-3F7F2E8DEAC4}.Release|Any CPU.ActiveCfg = Release|Any CPU
		{C5583D3F-9D0B-4598-97C2-3F7F2E8DEAC4}.Release|Any CPU.Build.0 = Release|Any CPU
	EndGlobalSection
	GlobalSection(SolutionProperties) = preSolution
		HideSolutionNode = FALSE
	EndGlobalSection
	GlobalSection(ExtensibilityGlobals) = postSolution
		SolutionGuid = {ED584659-410F-4E26-8A85-8FA8394FDDA3}
	EndGlobalSection
EndGlobal
